{
	"name": "path",
	"lockfileVersion": 3,
	"requires": true,
	"packages": {
		"": {
			"dependencies": {
				"@materializecss/materialize": "^1.2.1",
				"lunr": "^2.3.9"
			}
		},
		"node_modules/@materializecss/materialize": {
			"version": "1.2.1",
			"resolved": "https://registry.npmjs.org/@materializecss/materialize/-/materialize-1.2.1.tgz",
			"integrity": "sha512-/PsNu1OaMp+XdymdeM49/OynB5uE1gCNcuRCPjtei1BVrj9eJ1ZYxotbPiejSCB2zFr9BIAuxcvaT+8rupJfxA==",
			"hasInstallScript": true
		},
		"node_modules/lunr": {
			"version": "2.3.9",
			"resolved": "https://registry.npmjs.org/lunr/-/lunr-2.3.9.tgz",
			"integrity": "sha512-zTU3DaZaF3Rt9rhN3uBMGQD3dD2/vFQqnvZCDv4dl5iOzq2IZQqTxu90r4E5J+nP70J3ilqVCrbho2eWaeW8Ow=="
		}
	}
}
