{
	"name": "path",
	"lockfileVersion": 3,
	"requires": true,
	"packages": {
		"": {
			"dependencies": {
				"@materializecss/materialize": "^1.2.1"
			}
		},
		"node_modules/@materializecss/materialize": {
			"version": "1.2.1",
			"resolved": "https://registry.npmjs.org/@materializecss/materialize/-/materialize-1.2.1.tgz",
			"integrity": "sha512-/PsNu1OaMp+XdymdeM49/OynB5uE1gCNcuRCPjtei1BVrj9eJ1ZYxotbPiejSCB2zFr9BIAuxcvaT+8rupJfxA==",
			"hasInstallScript": true
		}
	}
}
